
Microsoft Visual Studio Solution File, Format Version 12.00
# Visual Studio Version 17
VisualStudioVersion = 17.13.35731.43 d17.13
MinimumVisualStudioVersion = 10.0.40219.1
Project("{FAE04EC0-301F-11D3-BF4B-00C04F79EFBC}") = "Hafta3_Odev7", "Hafta3_Odev7\Hafta3_Odev7.csproj", "{4F3258FE-9A84-4102-A286-C91E41711169}"
EndProject
Global
	GlobalSection(SolutionConfigurationPlatforms) = preSolution
		Debug|Any CPU = Debug|Any CPU
		Release|Any CPU = Release|Any CPU
	EndGlobalSection
	GlobalSection(ProjectConfigurationPlatforms) = postSolution
		{4F3258FE-9A84-4102-A286-C91E41711169}.Debug|Any CPU.ActiveCfg = Debug|Any CPU
		{4F3258FE-9A84-4102-A286-C91E41711169}.Debug|Any CPU.Build.0 = Debug|Any CPU
		{4F3258FE-9A84-4102-A286-C91E41711169}.Release|Any CPU.ActiveCfg = Release|Any CPU
		{4F3258FE-9A84-4102-A286-C91E41711169}.Release|Any CPU.Build.0 = Release|Any CPU
	EndGlobalSection
	GlobalSection(SolutionProperties) = preSolution
		HideSolutionNode = FALSE
	EndGlobalSection
	GlobalSection(ExtensibilityGlobals) = postSolution
		SolutionGuid = {B1DF86CD-0424-46D1-8CDB-76207F7837C3}
	EndGlobalSection
EndGlobal
