
Microsoft Visual Studio Solution File, Format Version 12.00
# Visual Studio Version 17
VisualStudioVersion = 17.13.35731.43 d17.13
MinimumVisualStudioVersion = 10.0.40219.1
Project("{FAE04EC0-301F-11D3-BF4B-00C04F79EFBC}") = "Hafta3_Odev8", "Hafta3_Odev8\Hafta3_Odev8.csproj", "{99E208F5-82A2-4987-9503-5BB97A5FDAA2}"
EndProject
Global
	GlobalSection(SolutionConfigurationPlatforms) = preSolution
		Debug|Any CPU = Debug|Any CPU
		Release|Any CPU = Release|Any CPU
	EndGlobalSection
	GlobalSection(ProjectConfigurationPlatforms) = postSolution
		{99E208F5-82A2-4987-9503-5BB97A5FDAA2}.Debug|Any CPU.ActiveCfg = Debug|Any CPU
		{99E208F5-82A2-4987-9503-5BB97A5FDAA2}.Debug|Any CPU.Build.0 = Debug|Any CPU
		{99E208F5-82A2-4987-9503-5BB97A5FDAA2}.Release|Any CPU.ActiveCfg = Release|Any CPU
		{99E208F5-82A2-4987-9503-5BB97A5FDAA2}.Release|Any CPU.Build.0 = Release|Any CPU
	EndGlobalSection
	GlobalSection(SolutionProperties) = preSolution
		HideSolutionNode = FALSE
	EndGlobalSection
	GlobalSection(ExtensibilityGlobals) = postSolution
		SolutionGuid = {6F6F57A5-CC58-4ADF-964F-E58F40EF681D}
	EndGlobalSection
EndGlobal
